
Microsoft Visual Studio Solution File, Format Version 12.00
# Visual Studio Version 16
Project("{2150E333-8FDC-42A3-9474-1A3956D46DE8}") = "CMakePredefinedTargets", "CMakePredefinedTargets", "{CA41A55C-9F03-3BCD-B965-2755BD155F2D}"
EndProject
Project("{2150E333-8FDC-42A3-9474-1A3956D46DE8}") = "GLFW3", "GLFW3", "{9575CA9F-EECD-3372-9323-B71FCE251294}"
EndProject
Project("{2150E333-8FDC-42A3-9474-1A3956D46DE8}") = "Examples", "GLFW3\Examples", "{6C6A55E3-3A38-3091-BE96-E4AB463D9D8A}"
EndProject
Project("{8BC9CEB8-8B4A-11D0-8D11-00A0C91BC942}") = "ALL_BUILD", "ALL_BUILD.vcxproj", "{8737C05F-ABCA-38B6-B584-272B8DF3287F}"
	ProjectSection(ProjectDependencies) = postProject
		{CE5A8E4D-652A-37DA-9208-8F47CE7C6484} = {CE5A8E4D-652A-37DA-9208-8F47CE7C6484}
		{CB786812-D14F-324D-8B69-AC34A76680B8} = {CB786812-D14F-324D-8B69-AC34A76680B8}
		{B38E5D20-4DCF-3C39-ACF5-325A3BBFAA08} = {B38E5D20-4DCF-3C39-ACF5-325A3BBFAA08}
		{21030058-1639-301D-8ECD-8381E85686B9} = {21030058-1639-301D-8ECD-8381E85686B9}
		{9C671BA7-4364-3B8D-A3FA-04B35CD8929F} = {9C671BA7-4364-3B8D-A3FA-04B35CD8929F}
		{406C4693-AFB5-39A1-9EDF-A1E8941FA865} = {406C4693-AFB5-39A1-9EDF-A1E8941FA865}
		{04647334-B074-3070-BA3E-9BCAD2C5A38E} = {04647334-B074-3070-BA3E-9BCAD2C5A38E}
		{E8D9D4F1-A0D6-3205-A277-893F7F14DDF4} = {E8D9D4F1-A0D6-3205-A277-893F7F14DDF4}
		{9910B47A-6026-3E34-8C48-5AD96B050A33} = {9910B47A-6026-3E34-8C48-5AD96B050A33}
		{B6341721-33EF-3137-9786-E3DB1C4D1881} = {B6341721-33EF-3137-9786-E3DB1C4D1881}
		{14B8EB59-0245-3F24-9C72-3622CE2AB731} = {14B8EB59-0245-3F24-9C72-3622CE2AB731}
	EndProjectSection
EndProject
Project("{8BC9CEB8-8B4A-11D0-8D11-00A0C91BC942}") = "INSTALL", "INSTALL.vcxproj", "{A2F85D4E-EEC9-396C-9A78-6D0E279B934D}"
	ProjectSection(ProjectDependencies) = postProject
		{8737C05F-ABCA-38B6-B584-272B8DF3287F} = {8737C05F-ABCA-38B6-B584-272B8DF3287F}
		{CE5A8E4D-652A-37DA-9208-8F47CE7C6484} = {CE5A8E4D-652A-37DA-9208-8F47CE7C6484}
	EndProjectSection
EndProject
Project("{8BC9CEB8-8B4A-11D0-8D11-00A0C91BC942}") = "ZERO_CHECK", "ZERO_CHECK.vcxproj", "{CE5A8E4D-652A-37DA-9208-8F47CE7C6484}"
	ProjectSection(ProjectDependencies) = postProject
	EndProjectSection
EndProject
Project("{8BC9CEB8-8B4A-11D0-8D11-00A0C91BC942}") = "boing", "examples\boing.vcxproj", "{CB786812-D14F-324D-8B69-AC34A76680B8}"
	ProjectSection(ProjectDependencies) = postProject
		{CE5A8E4D-652A-37DA-9208-8F47CE7C6484} = {CE5A8E4D-652A-37DA-9208-8F47CE7C6484}
		{21030058-1639-301D-8ECD-8381E85686B9} = {21030058-1639-301D-8ECD-8381E85686B9}
	EndProjectSection
EndProject
Project("{8BC9CEB8-8B4A-11D0-8D11-00A0C91BC942}") = "gears", "examples\gears.vcxproj", "{B38E5D20-4DCF-3C39-ACF5-325A3BBFAA08}"
	ProjectSection(ProjectDependencies) = postProject
		{CE5A8E4D-652A-37DA-9208-8F47CE7C6484} = {CE5A8E4D-652A-37DA-9208-8F47CE7C6484}
		{21030058-1639-301D-8ECD-8381E85686B9} = {21030058-1639-301D-8ECD-8381E85686B9}
	EndProjectSection
EndProject
Project("{8BC9CEB8-8B4A-11D0-8D11-00A0C91BC942}") = "glfw", "src\glfw.vcxproj", "{21030058-1639-301D-8ECD-8381E85686B9}"
	ProjectSection(ProjectDependencies) = postProject
		{CE5A8E4D-652A-37DA-9208-8F47CE7C6484} = {CE5A8E4D-652A-37DA-9208-8F47CE7C6484}
	EndProjectSection
EndProject
Project("{8BC9CEB8-8B4A-11D0-8D11-00A0C91BC942}") = "heightmap", "examples\heightmap.vcxproj", "{9C671BA7-4364-3B8D-A3FA-04B35CD8929F}"
	ProjectSection(ProjectDependencies) = postProject
		{CE5A8E4D-652A-37DA-9208-8F47CE7C6484} = {CE5A8E4D-652A-37DA-9208-8F47CE7C6484}
		{21030058-1639-301D-8ECD-8381E85686B9} = {21030058-1639-301D-8ECD-8381E85686B9}
	EndProjectSection
EndProject
Project("{8BC9CEB8-8B4A-11D0-8D11-00A0C91BC942}") = "offscreen", "examples\offscreen.vcxproj", "{406C4693-AFB5-39A1-9EDF-A1E8941FA865}"
	ProjectSection(ProjectDependencies) = postProject
		{CE5A8E4D-652A-37DA-9208-8F47CE7C6484} = {CE5A8E4D-652A-37DA-9208-8F47CE7C6484}
		{21030058-1639-301D-8ECD-8381E85686B9} = {21030058-1639-301D-8ECD-8381E85686B9}
	EndProjectSection
EndProject
Project("{8BC9CEB8-8B4A-11D0-8D11-00A0C91BC942}") = "particles", "examples\particles.vcxproj", "{04647334-B074-3070-BA3E-9BCAD2C5A38E}"
	ProjectSection(ProjectDependencies) = postProject
		{CE5A8E4D-652A-37DA-9208-8F47CE7C6484} = {CE5A8E4D-652A-37DA-9208-8F47CE7C6484}
		{21030058-1639-301D-8ECD-8381E85686B9} = {21030058-1639-301D-8ECD-8381E85686B9}
	EndProjectSection
EndProject
Project("{8BC9CEB8-8B4A-11D0-8D11-00A0C91BC942}") = "sharing", "examples\sharing.vcxproj", "{E8D9D4F1-A0D6-3205-A277-893F7F14DDF4}"
	ProjectSection(ProjectDependencies) = postProject
		{CE5A8E4D-652A-37DA-9208-8F47CE7C6484} = {CE5A8E4D-652A-37DA-9208-8F47CE7C6484}
		{21030058-1639-301D-8ECD-8381E85686B9} = {21030058-1639-301D-8ECD-8381E85686B9}
	EndProjectSection
EndProject
Project("{8BC9CEB8-8B4A-11D0-8D11-00A0C91BC942}") = "simple", "examples\simple.vcxproj", "{9910B47A-6026-3E34-8C48-5AD96B050A33}"
	ProjectSection(ProjectDependencies) = postProject
		{CE5A8E4D-652A-37DA-9208-8F47CE7C6484} = {CE5A8E4D-652A-37DA-9208-8F47CE7C6484}
		{21030058-1639-301D-8ECD-8381E85686B9} = {21030058-1639-301D-8ECD-8381E85686B9}
	EndProjectSection
EndProject
Project("{8BC9CEB8-8B4A-11D0-8D11-00A0C91BC942}") = "splitview", "examples\splitview.vcxproj", "{B6341721-33EF-3137-9786-E3DB1C4D1881}"
	ProjectSection(ProjectDependencies) = postProject
		{CE5A8E4D-652A-37DA-9208-8F47CE7C6484} = {CE5A8E4D-652A-37DA-9208-8F47CE7C6484}
		{21030058-1639-301D-8ECD-8381E85686B9} = {21030058-1639-301D-8ECD-8381E85686B9}
	EndProjectSection
EndProject
Project("{8BC9CEB8-8B4A-11D0-8D11-00A0C91BC942}") = "uninstall", "uninstall.vcxproj", "{2B57CC65-8A65-31C3-8A06-044EDE8F6B9A}"
	ProjectSection(ProjectDependencies) = postProject
		{CE5A8E4D-652A-37DA-9208-8F47CE7C6484} = {CE5A8E4D-652A-37DA-9208-8F47CE7C6484}
	EndProjectSection
EndProject
Project("{8BC9CEB8-8B4A-11D0-8D11-00A0C91BC942}") = "wave", "examples\wave.vcxproj", "{14B8EB59-0245-3F24-9C72-3622CE2AB731}"
	ProjectSection(ProjectDependencies) = postProject
		{CE5A8E4D-652A-37DA-9208-8F47CE7C6484} = {CE5A8E4D-652A-37DA-9208-8F47CE7C6484}
		{21030058-1639-301D-8ECD-8381E85686B9} = {21030058-1639-301D-8ECD-8381E85686B9}
	EndProjectSection
EndProject
Global
	GlobalSection(SolutionConfigurationPlatforms) = preSolution
		Debug|x64 = Debug|x64
		Release|x64 = Release|x64
		MinSizeRel|x64 = MinSizeRel|x64
		RelWithDebInfo|x64 = RelWithDebInfo|x64
	EndGlobalSection
	GlobalSection(ProjectConfigurationPlatforms) = postSolution
		{8737C05F-ABCA-38B6-B584-272B8DF3287F}.Debug|x64.ActiveCfg = Debug|x64
		{8737C05F-ABCA-38B6-B584-272B8DF3287F}.Debug|x64.Build.0 = Debug|x64
		{8737C05F-ABCA-38B6-B584-272B8DF3287F}.Release|x64.ActiveCfg = Release|x64
		{8737C05F-ABCA-38B6-B584-272B8DF3287F}.Release|x64.Build.0 = Release|x64
		{8737C05F-ABCA-38B6-B584-272B8DF3287F}.MinSizeRel|x64.ActiveCfg = MinSizeRel|x64
		{8737C05F-ABCA-38B6-B584-272B8DF3287F}.MinSizeRel|x64.Build.0 = MinSizeRel|x64
		{8737C05F-ABCA-38B6-B584-272B8DF3287F}.RelWithDebInfo|x64.ActiveCfg = RelWithDebInfo|x64
		{8737C05F-ABCA-38B6-B584-272B8DF3287F}.RelWithDebInfo|x64.Build.0 = RelWithDebInfo|x64
		{A2F85D4E-EEC9-396C-9A78-6D0E279B934D}.Debug|x64.ActiveCfg = Debug|x64
		{A2F85D4E-EEC9-396C-9A78-6D0E279B934D}.Release|x64.ActiveCfg = Release|x64
		{A2F85D4E-EEC9-396C-9A78-6D0E279B934D}.MinSizeRel|x64.ActiveCfg = MinSizeRel|x64
		{A2F85D4E-EEC9-396C-9A78-6D0E279B934D}.RelWithDebInfo|x64.ActiveCfg = RelWithDebInfo|x64
		{CE5A8E4D-652A-37DA-9208-8F47CE7C6484}.Debug|x64.ActiveCfg = Debug|x64
		{CE5A8E4D-652A-37DA-9208-8F47CE7C6484}.Debug|x64.Build.0 = Debug|x64
		{CE5A8E4D-652A-37DA-9208-8F47CE7C6484}.Release|x64.ActiveCfg = Release|x64
		{CE5A8E4D-652A-37DA-9208-8F47CE7C6484}.Release|x64.Build.0 = Release|x64
		{CE5A8E4D-652A-37DA-9208-8F47CE7C6484}.MinSizeRel|x64.ActiveCfg = MinSizeRel|x64
		{CE5A8E4D-652A-37DA-9208-8F47CE7C6484}.MinSizeRel|x64.Build.0 = MinSizeRel|x64
		{CE5A8E4D-652A-37DA-9208-8F47CE7C6484}.RelWithDebInfo|x64.ActiveCfg = RelWithDebInfo|x64
		{CE5A8E4D-652A-37DA-9208-8F47CE7C6484}.RelWithDebInfo|x64.Build.0 = RelWithDebInfo|x64
		{CB786812-D14F-324D-8B69-AC34A76680B8}.Debug|x64.ActiveCfg = Debug|x64
		{CB786812-D14F-324D-8B69-AC34A76680B8}.Debug|x64.Build.0 = Debug|x64
		{CB786812-D14F-324D-8B69-AC34A76680B8}.Release|x64.ActiveCfg = Release|x64
		{CB786812-D14F-324D-8B69-AC34A76680B8}.Release|x64.Build.0 = Release|x64
		{CB786812-D14F-324D-8B69-AC34A76680B8}.MinSizeRel|x64.ActiveCfg = MinSizeRel|x64
		{CB786812-D14F-324D-8B69-AC34A76680B8}.MinSizeRel|x64.Build.0 = MinSizeRel|x64
		{CB786812-D14F-324D-8B69-AC34A76680B8}.RelWithDebInfo|x64.ActiveCfg = RelWithDebInfo|x64
		{CB786812-D14F-324D-8B69-AC34A76680B8}.RelWithDebInfo|x64.Build.0 = RelWithDebInfo|x64
		{B38E5D20-4DCF-3C39-ACF5-325A3BBFAA08}.Debug|x64.ActiveCfg = Debug|x64
		{B38E5D20-4DCF-3C39-ACF5-325A3BBFAA08}.Debug|x64.Build.0 = Debug|x64
		{B38E5D20-4DCF-3C39-ACF5-325A3BBFAA08}.Release|x64.ActiveCfg = Release|x64
		{B38E5D20-4DCF-3C39-ACF5-325A3BBFAA08}.Release|x64.Build.0 = Release|x64
		{B38E5D20-4DCF-3C39-ACF5-325A3BBFAA08}.MinSizeRel|x64.ActiveCfg = MinSizeRel|x64
		{B38E5D20-4DCF-3C39-ACF5-325A3BBFAA08}.MinSizeRel|x64.Build.0 = MinSizeRel|x64
		{B38E5D20-4DCF-3C39-ACF5-325A3BBFAA08}.RelWithDebInfo|x64.ActiveCfg = RelWithDebInfo|x64
		{B38E5D20-4DCF-3C39-ACF5-325A3BBFAA08}.RelWithDebInfo|x64.Build.0 = RelWithDebInfo|x64
		{21030058-1639-301D-8ECD-8381E85686B9}.Debug|x64.ActiveCfg = Debug|x64
		{21030058-1639-301D-8ECD-8381E85686B9}.Debug|x64.Build.0 = Debug|x64
		{21030058-1639-301D-8ECD-8381E85686B9}.Release|x64.ActiveCfg = Release|x64
		{21030058-1639-301D-8ECD-8381E85686B9}.Release|x64.Build.0 = Release|x64
		{21030058-1639-301D-8ECD-8381E85686B9}.MinSizeRel|x64.ActiveCfg = MinSizeRel|x64
		{21030058-1639-301D-8ECD-8381E85686B9}.MinSizeRel|x64.Build.0 = MinSizeRel|x64
		{21030058-1639-301D-8ECD-8381E85686B9}.RelWithDebInfo|x64.ActiveCfg = RelWithDebInfo|x64
		{21030058-1639-301D-8ECD-8381E85686B9}.RelWithDebInfo|x64.Build.0 = RelWithDebInfo|x64
		{9C671BA7-4364-3B8D-A3FA-04B35CD8929F}.Debug|x64.ActiveCfg = Debug|x64
		{9C671BA7-4364-3B8D-A3FA-04B35CD8929F}.Debug|x64.Build.0 = Debug|x64
		{9C671BA7-4364-3B8D-A3FA-04B35CD8929F}.Release|x64.ActiveCfg = Release|x64
		{9C671BA7-4364-3B8D-A3FA-04B35CD8929F}.Release|x64.Build.0 = Release|x64
		{9C671BA7-4364-3B8D-A3FA-04B35CD8929F}.MinSizeRel|x64.ActiveCfg = MinSizeRel|x64
		{9C671BA7-4364-3B8D-A3FA-04B35CD8929F}.MinSizeRel|x64.Build.0 = MinSizeRel|x64
		{9C671BA7-4364-3B8D-A3FA-04B35CD8929F}.RelWithDebInfo|x64.ActiveCfg = RelWithDebInfo|x64
		{9C671BA7-4364-3B8D-A3FA-04B35CD8929F}.RelWithDebInfo|x64.Build.0 = RelWithDebInfo|x64
		{406C4693-AFB5-39A1-9EDF-A1E8941FA865}.Debug|x64.ActiveCfg = Debug|x64
		{406C4693-AFB5-39A1-9EDF-A1E8941FA865}.Debug|x64.Build.0 = Debug|x64
		{406C4693-AFB5-39A1-9EDF-A1E8941FA865}.Release|x64.ActiveCfg = Release|x64
		{406C4693-AFB5-39A1-9EDF-A1E8941FA865}.Release|x64.Build.0 = Release|x64
		{406C4693-AFB5-39A1-9EDF-A1E8941FA865}.MinSizeRel|x64.ActiveCfg = MinSizeRel|x64
		{406C4693-AFB5-39A1-9EDF-A1E8941FA865}.MinSizeRel|x64.Build.0 = MinSizeRel|x64
		{406C4693-AFB5-39A1-9EDF-A1E8941FA865}.RelWithDebInfo|x64.ActiveCfg = RelWithDebInfo|x64
		{406C4693-AFB5-39A1-9EDF-A1E8941FA865}.RelWithDebInfo|x64.Build.0 = RelWithDebInfo|x64
		{04647334-B074-3070-BA3E-9BCAD2C5A38E}.Debug|x64.ActiveCfg = Debug|x64
		{04647334-B074-3070-BA3E-9BCAD2C5A38E}.Debug|x64.Build.0 = Debug|x64
		{04647334-B074-3070-BA3E-9BCAD2C5A38E}.Release|x64.ActiveCfg = Release|x64
		{04647334-B074-3070-BA3E-9BCAD2C5A38E}.Release|x64.Build.0 = Release|x64
		{04647334-B074-3070-BA3E-9BCAD2C5A38E}.MinSizeRel|x64.ActiveCfg = MinSizeRel|x64
		{04647334-B074-3070-BA3E-9BCAD2C5A38E}.MinSizeRel|x64.Build.0 = MinSizeRel|x64
		{04647334-B074-3070-BA3E-9BCAD2C5A38E}.RelWithDebInfo|x64.ActiveCfg = RelWithDebInfo|x64
		{04647334-B074-3070-BA3E-9BCAD2C5A38E}.RelWithDebInfo|x64.Build.0 = RelWithDebInfo|x64
		{E8D9D4F1-A0D6-3205-A277-893F7F14DDF4}.Debug|x64.ActiveCfg = Debug|x64
		{E8D9D4F1-A0D6-3205-A277-893F7F14DDF4}.Debug|x64.Build.0 = Debug|x64
		{E8D9D4F1-A0D6-3205-A277-893F7F14DDF4}.Release|x64.ActiveCfg = Release|x64
		{E8D9D4F1-A0D6-3205-A277-893F7F14DDF4}.Release|x64.Build.0 = Release|x64
		{E8D9D4F1-A0D6-3205-A277-893F7F14DDF4}.MinSizeRel|x64.ActiveCfg = MinSizeRel|x64
		{E8D9D4F1-A0D6-3205-A277-893F7F14DDF4}.MinSizeRel|x64.Build.0 = MinSizeRel|x64
		{E8D9D4F1-A0D6-3205-A277-893F7F14DDF4}.RelWithDebInfo|x64.ActiveCfg = RelWithDebInfo|x64
		{E8D9D4F1-A0D6-3205-A277-893F7F14DDF4}.RelWithDebInfo|x64.Build.0 = RelWithDebInfo|x64
		{9910B47A-6026-3E34-8C48-5AD96B050A33}.Debug|x64.ActiveCfg = Debug|x64
		{9910B47A-6026-3E34-8C48-5AD96B050A33}.Debug|x64.Build.0 = Debug|x64
		{9910B47A-6026-3E34-8C48-5AD96B050A33}.Release|x64.ActiveCfg = Release|x64
		{9910B47A-6026-3E34-8C48-5AD96B050A33}.Release|x64.Build.0 = Release|x64
		{9910B47A-6026-3E34-8C48-5AD96B050A33}.MinSizeRel|x64.ActiveCfg = MinSizeRel|x64
		{9910B47A-6026-3E34-8C48-5AD96B050A33}.MinSizeRel|x64.Build.0 = MinSizeRel|x64
		{9910B47A-6026-3E34-8C48-5AD96B050A33}.RelWithDebInfo|x64.ActiveCfg = RelWithDebInfo|x64
		{9910B47A-6026-3E34-8C48-5AD96B050A33}.RelWithDebInfo|x64.Build.0 = RelWithDebInfo|x64
		{B6341721-33EF-3137-9786-E3DB1C4D1881}.Debug|x64.ActiveCfg = Debug|x64
		{B6341721-33EF-3137-9786-E3DB1C4D1881}.Debug|x64.Build.0 = Debug|x64
		{B6341721-33EF-3137-9786-E3DB1C4D1881}.Release|x64.ActiveCfg = Release|x64
		{B6341721-33EF-3137-9786-E3DB1C4D1881}.Release|x64.Build.0 = Release|x64
		{B6341721-33EF-3137-9786-E3DB1C4D1881}.MinSizeRel|x64.ActiveCfg = MinSizeRel|x64
		{B6341721-33EF-3137-9786-E3DB1C4D1881}.MinSizeRel|x64.Build.0 = MinSizeRel|x64
		{B6341721-33EF-3137-9786-E3DB1C4D1881}.RelWithDebInfo|x64.ActiveCfg = RelWithDebInfo|x64
		{B6341721-33EF-3137-9786-E3DB1C4D1881}.RelWithDebInfo|x64.Build.0 = RelWithDebInfo|x64
		{2B57CC65-8A65-31C3-8A06-044EDE8F6B9A}.Debug|x64.ActiveCfg = Debug|x64
		{2B57CC65-8A65-31C3-8A06-044EDE8F6B9A}.Release|x64.ActiveCfg = Release|x64
		{2B57CC65-8A65-31C3-8A06-044EDE8F6B9A}.MinSizeRel|x64.ActiveCfg = MinSizeRel|x64
		{2B57CC65-8A65-31C3-8A06-044EDE8F6B9A}.RelWithDebInfo|x64.ActiveCfg = RelWithDebInfo|x64
		{14B8EB59-0245-3F24-9C72-3622CE2AB731}.Debug|x64.ActiveCfg = Debug|x64
		{14B8EB59-0245-3F24-9C72-3622CE2AB731}.Debug|x64.Build.0 = Debug|x64
		{14B8EB59-0245-3F24-9C72-3622CE2AB731}.Release|x64.ActiveCfg = Release|x64
		{14B8EB59-0245-3F24-9C72-3622CE2AB731}.Release|x64.Build.0 = Release|x64
		{14B8EB59-0245-3F24-9C72-3622CE2AB731}.MinSizeRel|x64.ActiveCfg = MinSizeRel|x64
		{14B8EB59-0245-3F24-9C72-3622CE2AB731}.MinSizeRel|x64.Build.0 = MinSizeRel|x64
		{14B8EB59-0245-3F24-9C72-3622CE2AB731}.RelWithDebInfo|x64.ActiveCfg = RelWithDebInfo|x64
		{14B8EB59-0245-3F24-9C72-3622CE2AB731}.RelWithDebInfo|x64.Build.0 = RelWithDebInfo|x64
	EndGlobalSection
	GlobalSection(NestedProjects) = preSolution
		{8737C05F-ABCA-38B6-B584-272B8DF3287F} = {CA41A55C-9F03-3BCD-B965-2755BD155F2D}
		{A2F85D4E-EEC9-396C-9A78-6D0E279B934D} = {CA41A55C-9F03-3BCD-B965-2755BD155F2D}
		{CE5A8E4D-652A-37DA-9208-8F47CE7C6484} = {CA41A55C-9F03-3BCD-B965-2755BD155F2D}
		{6C6A55E3-3A38-3091-BE96-E4AB463D9D8A} = {9575CA9F-EECD-3372-9323-B71FCE251294}
		{21030058-1639-301D-8ECD-8381E85686B9} = {9575CA9F-EECD-3372-9323-B71FCE251294}
		{2B57CC65-8A65-31C3-8A06-044EDE8F6B9A} = {9575CA9F-EECD-3372-9323-B71FCE251294}
		{CB786812-D14F-324D-8B69-AC34A76680B8} = {6C6A55E3-3A38-3091-BE96-E4AB463D9D8A}
		{B38E5D20-4DCF-3C39-ACF5-325A3BBFAA08} = {6C6A55E3-3A38-3091-BE96-E4AB463D9D8A}
		{9C671BA7-4364-3B8D-A3FA-04B35CD8929F} = {6C6A55E3-3A38-3091-BE96-E4AB463D9D8A}
		{406C4693-AFB5-39A1-9EDF-A1E8941FA865} = {6C6A55E3-3A38-3091-BE96-E4AB463D9D8A}
		{04647334-B074-3070-BA3E-9BCAD2C5A38E} = {6C6A55E3-3A38-3091-BE96-E4AB463D9D8A}
		{E8D9D4F1-A0D6-3205-A277-893F7F14DDF4} = {6C6A55E3-3A38-3091-BE96-E4AB463D9D8A}
		{9910B47A-6026-3E34-8C48-5AD96B050A33} = {6C6A55E3-3A38-3091-BE96-E4AB463D9D8A}
		{B6341721-33EF-3137-9786-E3DB1C4D1881} = {6C6A55E3-3A38-3091-BE96-E4AB463D9D8A}
		{14B8EB59-0245-3F24-9C72-3622CE2AB731} = {6C6A55E3-3A38-3091-BE96-E4AB463D9D8A}
	EndGlobalSection
	GlobalSection(ExtensibilityGlobals) = postSolution
		SolutionGuid = {9B231490-A7A7-360A-BF21-B151ABC019EB}
	EndGlobalSection
	GlobalSection(ExtensibilityAddIns) = postSolution
	EndGlobalSection
EndGlobal
