<?xml version="1.0" encoding="utf-8"?>
<Project ToolsVersion="16.0" xmlns="http://schemas.microsoft.com/developer/msbuild/2003">
  <ItemGroup>
    <CustomBuild Include="C:\Users\Henry\source\libs\glfw\vsbuild\CMakeFiles\e39ed6cc808e34002a2a94802c451752\INSTALL_force.rule">
      <Filter>CMake Rules</Filter>
    </CustomBuild>
  </ItemGroup>
  <ItemGroup>
    <Filter Include="CMake Rules">
      <UniqueIdentifier>{716EC2E2-F7AC-318F-8CD1-FA9AFD04C604}</UniqueIdentifier>
    </Filter>
  </ItemGroup>
</Project>
